
Microsoft Visual Studio Solution File, Format Version 12.00
# Visual Studio Version 17
VisualStudioVersion = 17.14.36414.22 d17.14
MinimumVisualStudioVersion = 10.0.40219.1
Project("{FAE04EC0-301F-11D3-BF4B-00C04F79EFBC}") = "Shoot'em UP", "Shoot'em UP.csproj", "{F709F99B-0DEE-4C45-8B3A-CAEF2693554D}"
EndProject
Global
	GlobalSection(SolutionConfigurationPlatforms) = preSolution
		Debug|Any CPU = Debug|Any CPU
		Release|Any CPU = Release|Any CPU
	EndGlobalSection
	GlobalSection(ProjectConfigurationPlatforms) = postSolution
		{F709F99B-0DEE-4C45-8B3A-CAEF2693554D}.Debug|Any CPU.ActiveCfg = Debug|Any CPU
		{F709F99B-0DEE-4C45-8B3A-CAEF2693554D}.Debug|Any CPU.Build.0 = Debug|Any CPU
		{F709F99B-0DEE-4C45-8B3A-CAEF2693554D}.Release|Any CPU.ActiveCfg = Release|Any CPU
		{F709F99B-0DEE-4C45-8B3A-CAEF2693554D}.Release|Any CPU.Build.0 = Release|Any CPU
	EndGlobalSection
	GlobalSection(SolutionProperties) = preSolution
		HideSolutionNode = FALSE
	EndGlobalSection
	GlobalSection(ExtensibilityGlobals) = postSolution
		SolutionGuid = {03B1D002-2019-4F3D-A6CF-8C0E3B263111}
	EndGlobalSection
EndGlobal
